
Microsoft Visual Studio Solution File, Format Version 12.00
# Visual Studio 15
VisualStudioVersion = 15.0.28307.329
MinimumVisualStudioVersion = 10.0.40219.1
Project("{FAE04EC0-301F-11D3-BF4B-00C04F79EFBC}") = "CompiladorProMLG", "CompiladorProMLG\CompiladorProMLG.csproj", "{FBF2A2E1-F3CF-4D59-968A-22207D930051}"
EndProject
Global
	GlobalSection(SolutionConfigurationPlatforms) = preSolution
		Debug|Any CPU = Debug|Any CPU
		Release|Any CPU = Release|Any CPU
	EndGlobalSection
	GlobalSection(ProjectConfigurationPlatforms) = postSolution
		{FBF2A2E1-F3CF-4D59-968A-22207D930051}.Debug|Any CPU.ActiveCfg = Debug|Any CPU
		{FBF2A2E1-F3CF-4D59-968A-22207D930051}.Debug|Any CPU.Build.0 = Debug|Any CPU
		{FBF2A2E1-F3CF-4D59-968A-22207D930051}.Release|Any CPU.ActiveCfg = Release|Any CPU
		{FBF2A2E1-F3CF-4D59-968A-22207D930051}.Release|Any CPU.Build.0 = Release|Any CPU
	EndGlobalSection
	GlobalSection(SolutionProperties) = preSolution
		HideSolutionNode = FALSE
	EndGlobalSection
	GlobalSection(ExtensibilityGlobals) = postSolution
		SolutionGuid = {A0ED159F-501B-4462-B2CB-D0718629B72A}
	EndGlobalSection
EndGlobal
